{
  "nodes": {
    "catppuccin": {
      "inputs": {
        "nixpkgs": [
          "nixpkgs"
        ]
      },
      "locked": {
        "lastModified": 1785485193,
        "narHash": "sha256-JgUmb34d3Zv1W5fYukqEUEDHSaWhw7WV9HVUXOmOCaA=",
        "owner": "catppuccin",
        "repo": "nix",
        "rev": "41c4ebf8cb3e4052001947a457b4ac093e5dc119",
        "type": "github"
      },
      "original": {
        "owner": "catppuccin",
        "repo": "nix",
        "type": "github"
      }
    },
    "fcitx5-lotus": {
      "inputs": {
        "nixpkgs": [
          "nixpkgs"
        ],
        "snowfall-lib": "snowfall-lib"
      },
      "locked": {
        "lastModified": 1783530184,
        "narHash": "sha256-S5UlX+XxqfwOS2utfIp22BRBJVlA9W459BA6gCZPCjE=",
        "owner": "LotusInputMethod",
        "repo": "fcitx5-lotus",
        "rev": "db89d0d60e667e2c092eccbd5602def8b0befcf9",
        "type": "github"
      },
      "original": {
        "owner": "LotusInputMethod",
        "repo": "fcitx5-lotus",
        "type": "github"
      }
    },
    "flake-compat": {
      "flake": false,
      "locked": {
        "lastModified": 1650374568,
        "narHash": "sha256-Z+s0J8/r907g149rllvwhb4pKi8Wam5ij0st8PwAh+E=",
        "owner": "edolstra",
        "repo": "flake-compat",
        "rev": "b4a34015c698c7793d592d66adbab377907a2be8",
        "type": "github"
      },
      "original": {
        "owner": "edolstra",
        "repo": "flake-compat",
        "type": "github"
      }
    },
    "flake-utils": {
      "inputs": {
        "systems": "systems"
      },
      "locked": {
        "lastModified": 1694529238,
        "narHash": "sha256-zsNZZGTGnMOf9YpHKJqMSsa0dXbfmxeoJ7xHlrt+xmY=",
        "owner": "numtide",
        "repo": "flake-utils",
        "rev": "ff7b65b44d01cf9ba6a71320833626af21126384",
        "type": "github"
      },
      "original": {
        "owner": "numtide",
        "repo": "flake-utils",
        "type": "github"
      }
    },
    "flake-utils-plus": {
      "inputs": {
        "flake-utils": "flake-utils"
      },
      "locked": {
        "lastModified": 1715533576,
        "narHash": "sha256-fT4ppWeCJ0uR300EH3i7kmgRZnAVxrH+XtK09jQWihk=",
        "owner": "gytis-ivaskevicius",
        "repo": "flake-utils-plus",
        "rev": "3542fe9126dc492e53ddd252bb0260fe035f2c0f",
        "type": "github"
      },
      "original": {
        "owner": "gytis-ivaskevicius",
        "repo": "flake-utils-plus",
        "rev": "3542fe9126dc492e53ddd252bb0260fe035f2c0f",
        "type": "github"
      }
    },
    "home-manager": {
      "inputs": {
        "nixpkgs": [
          "nixpkgs"
        ]
      },
      "locked": {
        "lastModified": 1785531816,
        "narHash": "sha256-vkMnV0JIyw+g/NmcfoajlGaAO+9a0ezia+FZohQJrik=",
        "owner": "nix-community",
        "repo": "home-manager",
        "rev": "bf9ce9fec78f95f374e8dd3b503863a3ec128ebe",
        "type": "github"
      },
      "original": {
        "owner": "nix-community",
        "repo": "home-manager",
        "type": "github"
      }
    },
    "nixos-hardware": {
      "inputs": {
        "nixpkgs": [
          "nixpkgs"
        ]
      },
      "locked": {
        "lastModified": 1785232496,
        "narHash": "sha256-65EQYIRRpTdpH8lUiB6Mvo5uBkG60aBIzAJuALfx+O0=",
        "owner": "NixOS",
        "repo": "nixos-hardware",
        "rev": "2e790b0a6be8ec2b76174ac0931b8ff11919ec98",
        "type": "github"
      },
      "original": {
        "owner": "NixOS",
        "repo": "nixos-hardware",
        "type": "github"
      }
    },
    "nixpkgs": {
      "locked": {
        "lastModified": 1785571196,
        "narHash": "sha256-KoTsyMQqnXQZq8deCEnu4QkyldkwH/bpMMhUcfMdGIw=",
        "owner": "nixos",
        "repo": "nixpkgs",
        "rev": "148bab9c1c3c53136ecb44a6ea356a0ed5b39b06",
        "type": "github"
      },
      "original": {
        "owner": "nixos",
        "ref": "nixos-unstable",
        "repo": "nixpkgs",
        "type": "github"
      }
    },
    "noctalia": {
      "inputs": {
        "nixpkgs": [
          "nixpkgs"
        ]
      },
      "locked": {
        "lastModified": 1785642474,
        "narHash": "sha256-RU1hfXKCJw+tmHC0x2Xf9EqNJx/nXvJAKyOuGuyW3P8=",
        "owner": "noctalia-dev",
        "repo": "noctalia",
        "rev": "c7abdb8e72b1a80bd6f1d8e096b0a93eeb0b32ff",
        "type": "github"
      },
      "original": {
        "owner": "noctalia-dev",
        "repo": "noctalia",
        "type": "github"
      }
    },
    "root": {
      "inputs": {
        "catppuccin": "catppuccin",
        "fcitx5-lotus": "fcitx5-lotus",
        "home-manager": "home-manager",
        "nixos-hardware": "nixos-hardware",
        "nixpkgs": "nixpkgs",
        "noctalia": "noctalia",
        "zen-browser": "zen-browser"
      }
    },
    "snowfall-lib": {
      "inputs": {
        "flake-compat": "flake-compat",
        "flake-utils-plus": "flake-utils-plus",
        "nixpkgs": [
          "fcitx5-lotus",
          "nixpkgs"
        ]
      },
      "locked": {
        "lastModified": 1765361626,
        "narHash": "sha256-kX0Dp/kYSRbQ+yd9e3lmmUWdNbipufvKfL2IzbrSpnY=",
        "owner": "snowfallorg",
        "repo": "lib",
        "rev": "c566ad8b7352c30ec3763435de7c8f1c46ebb357",
        "type": "github"
      },
      "original": {
        "owner": "snowfallorg",
        "repo": "lib",
        "type": "github"
      }
    },
    "systems": {
      "locked": {
        "lastModified": 1681028828,
        "narHash": "sha256-Vy1rq5AaRuLzOxct8nz4T6wlgyUR7zLU309k9mBC768=",
        "owner": "nix-systems",
        "repo": "default",
        "rev": "da67096a3b9bf56a91d16901293e51ba5b49a27e",
        "type": "github"
      },
      "original": {
        "owner": "nix-systems",
        "repo": "default",
        "type": "github"
      }
    },
    "zen-browser": {
      "inputs": {
        "home-manager": [
          "home-manager"
        ],
        "nixpkgs": [
          "nixpkgs"
        ]
      },
      "locked": {
        "lastModified": 1785652409,
        "narHash": "sha256-0273OvIPfkJcdv0+Z3iPL8+eSRavAwGRCnr+Y6tRjYY=",
        "owner": "0xc000022070",
        "repo": "zen-browser-flake",
        "rev": "12224626d0d1cead79603f19601666360c715379",
        "type": "github"
      },
      "original": {
        "owner": "0xc000022070",
        "repo": "zen-browser-flake",
        "type": "github"
      }
    }
  },
  "root": "root",
  "version": 7
}
